
Microsoft Visual Studio Solution File, Format Version 12.00
# Visual Studio Version 16
VisualStudioVersion = 16.0.29920.165
MinimumVisualStudioVersion = 10.0.40219.1
Project("{9A19103F-16F7-4668-BE54-9A1E7A4F7556}") = "SEDC.Task1", "SEDC.Task1\SEDC.Task1.csproj", "{3CB5FBBE-41B3-49E1-B451-FC393DB539C6}"
EndProject
Project("{9A19103F-16F7-4668-BE54-9A1E7A4F7556}") = "SEDC.Task2", "SEDC.Task2\SEDC.Task2.csproj", "{2D0F2088-33DB-4D37-8B0E-0E0A6223BF0C}"
EndProject
Global
	GlobalSection(SolutionConfigurationPlatforms) = preSolution
		Debug|Any CPU = Debug|Any CPU
		Release|Any CPU = Release|Any CPU
	EndGlobalSection
	GlobalSection(ProjectConfigurationPlatforms) = postSolution
		{3CB5FBBE-41B3-49E1-B451-FC393DB539C6}.Debug|Any CPU.ActiveCfg = Debug|Any CPU
		{3CB5FBBE-41B3-49E1-B451-FC393DB539C6}.Debug|Any CPU.Build.0 = Debug|Any CPU
		{3CB5FBBE-41B3-49E1-B451-FC393DB539C6}.Release|Any CPU.ActiveCfg = Release|Any CPU
		{3CB5FBBE-41B3-49E1-B451-FC393DB539C6}.Release|Any CPU.Build.0 = Release|Any CPU
		{2D0F2088-33DB-4D37-8B0E-0E0A6223BF0C}.Debug|Any CPU.ActiveCfg = Debug|Any CPU
		{2D0F2088-33DB-4D37-8B0E-0E0A6223BF0C}.Debug|Any CPU.Build.0 = Debug|Any CPU
		{2D0F2088-33DB-4D37-8B0E-0E0A6223BF0C}.Release|Any CPU.ActiveCfg = Release|Any CPU
		{2D0F2088-33DB-4D37-8B0E-0E0A6223BF0C}.Release|Any CPU.Build.0 = Release|Any CPU
	EndGlobalSection
	GlobalSection(SolutionProperties) = preSolution
		HideSolutionNode = FALSE
	EndGlobalSection
	GlobalSection(ExtensibilityGlobals) = postSolution
		SolutionGuid = {806A2119-9618-4766-BBBE-5C26B4D19D90}
	EndGlobalSection
EndGlobal
