
Microsoft Visual Studio Solution File, Format Version 12.00
# Visual Studio Version 16
VisualStudioVersion = 16.0.29926.136
MinimumVisualStudioVersion = 10.0.40219.1
Project("{FAE04EC0-301F-11D3-BF4B-00C04F79EFBC}") = "SEDC.Homeworks07.Task01", "SEDC.Homeworks07.Task01\SEDC.Homeworks07.Task01.csproj", "{FD9826BB-E613-4C92-9488-F274E6CA594F}"
EndProject
Global
	GlobalSection(SolutionConfigurationPlatforms) = preSolution
		Debug|Any CPU = Debug|Any CPU
		Release|Any CPU = Release|Any CPU
	EndGlobalSection
	GlobalSection(ProjectConfigurationPlatforms) = postSolution
		{FD9826BB-E613-4C92-9488-F274E6CA594F}.Debug|Any CPU.ActiveCfg = Debug|Any CPU
		{FD9826BB-E613-4C92-9488-F274E6CA594F}.Debug|Any CPU.Build.0 = Debug|Any CPU
		{FD9826BB-E613-4C92-9488-F274E6CA594F}.Release|Any CPU.ActiveCfg = Release|Any CPU
		{FD9826BB-E613-4C92-9488-F274E6CA594F}.Release|Any CPU.Build.0 = Release|Any CPU
	EndGlobalSection
	GlobalSection(SolutionProperties) = preSolution
		HideSolutionNode = FALSE
	EndGlobalSection
	GlobalSection(ExtensibilityGlobals) = postSolution
		SolutionGuid = {A609652F-7733-4BCE-9BD2-1BDA31795E99}
	EndGlobalSection
EndGlobal
