
Microsoft Visual Studio Solution File, Format Version 12.00
# Visual Studio Version 16
VisualStudioVersion = 16.0.29905.134
MinimumVisualStudioVersion = 10.0.40219.1
Project("{9A19103F-16F7-4668-BE54-9A1E7A4F7556}") = "SEDC.Task1", "SEDC.Task1\SEDC.Task1.csproj", "{D94EB6BF-4F1E-40D5-BDA0-5657735C4F72}"
EndProject
Project("{9A19103F-16F7-4668-BE54-9A1E7A4F7556}") = "SEDC.Task2", "SEDC.Task2\SEDC.Task2.csproj", "{56BA64E7-7ADD-4D62-9886-8A8B2E2D1A13}"
EndProject
Project("{9A19103F-16F7-4668-BE54-9A1E7A4F7556}") = "SEDC.Task3", "SEDC.Task3\SEDC.Task3.csproj", "{E57C05EC-D07B-4DA4-AB80-FC675FA91B23}"
EndProject
Project("{9A19103F-16F7-4668-BE54-9A1E7A4F7556}") = "SEDC.Task4", "SEDC.Task4\SEDC.Task4.csproj", "{5EFA7753-3EFF-4820-AA18-77FC03411DBA}"
EndProject
Project("{9A19103F-16F7-4668-BE54-9A1E7A4F7556}") = "SEDC.Task5", "SEDC.Task5\SEDC.Task5.csproj", "{A21B0FA0-46A2-46B5-90B6-BBFAE8D93F01}"
EndProject
Project("{9A19103F-16F7-4668-BE54-9A1E7A4F7556}") = "SEDC.Task6", "SEDC.Task6\SEDC.Task6.csproj", "{3A7BD27A-DBAA-41F5-A2E6-B4F49A519AC8}"
EndProject
Project("{9A19103F-16F7-4668-BE54-9A1E7A4F7556}") = "SEDC.Task7", "SEDC.Task7\SEDC.Task7.csproj", "{190CA99F-4A17-4FD7-8B81-E6FD7B5F8FE3}"
EndProject
Project("{9A19103F-16F7-4668-BE54-9A1E7A4F7556}") = "SEDC.Task8", "SEDC.Task8\SEDC.Task8.csproj", "{2AB39411-2714-45D4-BE48-1C1D9B0E1A85}"
EndProject
Project("{9A19103F-16F7-4668-BE54-9A1E7A4F7556}") = "SEDC.Task9", "SEDC.Task9\SEDC.Task9.csproj", "{4B076477-3571-4C97-B98F-DFC1056AD737}"
EndProject
Project("{9A19103F-16F7-4668-BE54-9A1E7A4F7556}") = "SEDC.Taskz10", "SEDC.Task10\SEDC.Taskz10.csproj", "{A3B45B9B-A6D0-4B9B-97DB-6E91A59D6E06}"
EndProject
Project("{FAE04EC0-301F-11D3-BF4B-00C04F79EFBC}") = "SEDC.Taskz11", "SEDC.Taskz11\SEDC.Taskz11.csproj", "{3DB66544-65FA-4962-8810-0FD57CDB6EAB}"
EndProject
Project("{FAE04EC0-301F-11D3-BF4B-00C04F79EFBC}") = "SEDC.Taskz12", "SEDC.Task12\SEDC.Taskz12.csproj", "{CD558687-CC43-4454-940E-FDE27D92DBB6}"
EndProject
Global
	GlobalSection(SolutionConfigurationPlatforms) = preSolution
		Debug|Any CPU = Debug|Any CPU
		Release|Any CPU = Release|Any CPU
	EndGlobalSection
	GlobalSection(ProjectConfigurationPlatforms) = postSolution
		{D94EB6BF-4F1E-40D5-BDA0-5657735C4F72}.Debug|Any CPU.ActiveCfg = Debug|Any CPU
		{D94EB6BF-4F1E-40D5-BDA0-5657735C4F72}.Debug|Any CPU.Build.0 = Debug|Any CPU
		{D94EB6BF-4F1E-40D5-BDA0-5657735C4F72}.Release|Any CPU.ActiveCfg = Release|Any CPU
		{D94EB6BF-4F1E-40D5-BDA0-5657735C4F72}.Release|Any CPU.Build.0 = Release|Any CPU
		{56BA64E7-7ADD-4D62-9886-8A8B2E2D1A13}.Debug|Any CPU.ActiveCfg = Debug|Any CPU
		{56BA64E7-7ADD-4D62-9886-8A8B2E2D1A13}.Debug|Any CPU.Build.0 = Debug|Any CPU
		{56BA64E7-7ADD-4D62-9886-8A8B2E2D1A13}.Release|Any CPU.ActiveCfg = Release|Any CPU
		{56BA64E7-7ADD-4D62-9886-8A8B2E2D1A13}.Release|Any CPU.Build.0 = Release|Any CPU
		{E57C05EC-D07B-4DA4-AB80-FC675FA91B23}.Debug|Any CPU.ActiveCfg = Debug|Any CPU
		{E57C05EC-D07B-4DA4-AB80-FC675FA91B23}.Debug|Any CPU.Build.0 = Debug|Any CPU
		{E57C05EC-D07B-4DA4-AB80-FC675FA91B23}.Release|Any CPU.ActiveCfg = Release|Any CPU
		{E57C05EC-D07B-4DA4-AB80-FC675FA91B23}.Release|Any CPU.Build.0 = Release|Any CPU
		{5EFA7753-3EFF-4820-AA18-77FC03411DBA}.Debug|Any CPU.ActiveCfg = Debug|Any CPU
		{5EFA7753-3EFF-4820-AA18-77FC03411DBA}.Debug|Any CPU.Build.0 = Debug|Any CPU
		{5EFA7753-3EFF-4820-AA18-77FC03411DBA}.Release|Any CPU.ActiveCfg = Release|Any CPU
		{5EFA7753-3EFF-4820-AA18-77FC03411DBA}.Release|Any CPU.Build.0 = Release|Any CPU
		{A21B0FA0-46A2-46B5-90B6-BBFAE8D93F01}.Debug|Any CPU.ActiveCfg = Debug|Any CPU
		{A21B0FA0-46A2-46B5-90B6-BBFAE8D93F01}.Debug|Any CPU.Build.0 = Debug|Any CPU
		{A21B0FA0-46A2-46B5-90B6-BBFAE8D93F01}.Release|Any CPU.ActiveCfg = Release|Any CPU
		{A21B0FA0-46A2-46B5-90B6-BBFAE8D93F01}.Release|Any CPU.Build.0 = Release|Any CPU
		{3A7BD27A-DBAA-41F5-A2E6-B4F49A519AC8}.Debug|Any CPU.ActiveCfg = Debug|Any CPU
		{3A7BD27A-DBAA-41F5-A2E6-B4F49A519AC8}.Debug|Any CPU.Build.0 = Debug|Any CPU
		{3A7BD27A-DBAA-41F5-A2E6-B4F49A519AC8}.Release|Any CPU.ActiveCfg = Release|Any CPU
		{3A7BD27A-DBAA-41F5-A2E6-B4F49A519AC8}.Release|Any CPU.Build.0 = Release|Any CPU
		{190CA99F-4A17-4FD7-8B81-E6FD7B5F8FE3}.Debug|Any CPU.ActiveCfg = Debug|Any CPU
		{190CA99F-4A17-4FD7-8B81-E6FD7B5F8FE3}.Debug|Any CPU.Build.0 = Debug|Any CPU
		{190CA99F-4A17-4FD7-8B81-E6FD7B5F8FE3}.Release|Any CPU.ActiveCfg = Release|Any CPU
		{190CA99F-4A17-4FD7-8B81-E6FD7B5F8FE3}.Release|Any CPU.Build.0 = Release|Any CPU
		{2AB39411-2714-45D4-BE48-1C1D9B0E1A85}.Debug|Any CPU.ActiveCfg = Debug|Any CPU
		{2AB39411-2714-45D4-BE48-1C1D9B0E1A85}.Debug|Any CPU.Build.0 = Debug|Any CPU
		{2AB39411-2714-45D4-BE48-1C1D9B0E1A85}.Release|Any CPU.ActiveCfg = Release|Any CPU
		{2AB39411-2714-45D4-BE48-1C1D9B0E1A85}.Release|Any CPU.Build.0 = Release|Any CPU
		{4B076477-3571-4C97-B98F-DFC1056AD737}.Debug|Any CPU.ActiveCfg = Debug|Any CPU
		{4B076477-3571-4C97-B98F-DFC1056AD737}.Debug|Any CPU.Build.0 = Debug|Any CPU
		{4B076477-3571-4C97-B98F-DFC1056AD737}.Release|Any CPU.ActiveCfg = Release|Any CPU
		{4B076477-3571-4C97-B98F-DFC1056AD737}.Release|Any CPU.Build.0 = Release|Any CPU
		{A3B45B9B-A6D0-4B9B-97DB-6E91A59D6E06}.Debug|Any CPU.ActiveCfg = Debug|Any CPU
		{A3B45B9B-A6D0-4B9B-97DB-6E91A59D6E06}.Debug|Any CPU.Build.0 = Debug|Any CPU
		{A3B45B9B-A6D0-4B9B-97DB-6E91A59D6E06}.Release|Any CPU.ActiveCfg = Release|Any CPU
		{A3B45B9B-A6D0-4B9B-97DB-6E91A59D6E06}.Release|Any CPU.Build.0 = Release|Any CPU
		{3DB66544-65FA-4962-8810-0FD57CDB6EAB}.Debug|Any CPU.ActiveCfg = Debug|Any CPU
		{3DB66544-65FA-4962-8810-0FD57CDB6EAB}.Debug|Any CPU.Build.0 = Debug|Any CPU
		{3DB66544-65FA-4962-8810-0FD57CDB6EAB}.Release|Any CPU.ActiveCfg = Release|Any CPU
		{3DB66544-65FA-4962-8810-0FD57CDB6EAB}.Release|Any CPU.Build.0 = Release|Any CPU
		{CD558687-CC43-4454-940E-FDE27D92DBB6}.Debug|Any CPU.ActiveCfg = Debug|Any CPU
		{CD558687-CC43-4454-940E-FDE27D92DBB6}.Debug|Any CPU.Build.0 = Debug|Any CPU
		{CD558687-CC43-4454-940E-FDE27D92DBB6}.Release|Any CPU.ActiveCfg = Release|Any CPU
		{CD558687-CC43-4454-940E-FDE27D92DBB6}.Release|Any CPU.Build.0 = Release|Any CPU
	EndGlobalSection
	GlobalSection(SolutionProperties) = preSolution
		HideSolutionNode = FALSE
	EndGlobalSection
	GlobalSection(ExtensibilityGlobals) = postSolution
		SolutionGuid = {45B457A5-DC62-40EE-B636-99404E15FCE6}
	EndGlobalSection
EndGlobal
